
Microsoft Visual Studio Solution File, Format Version 12.00
# Visual Studio Version 17
VisualStudioVersion = 17.11.35303.130
MinimumVisualStudioVersion = 10.0.40219.1
Project("{FAE04EC0-301F-11D3-BF4B-00C04F79EFBC}") = "git oef", "git oef.csproj", "{FDF162E2-7FDD-400D-80CD-D1F6E5AC38F4}"
EndProject
Global
	GlobalSection(SolutionConfigurationPlatforms) = preSolution
		Debug|Any CPU = Debug|Any CPU
		Release|Any CPU = Release|Any CPU
	EndGlobalSection
	GlobalSection(ProjectConfigurationPlatforms) = postSolution
		{FDF162E2-7FDD-400D-80CD-D1F6E5AC38F4}.Debug|Any CPU.ActiveCfg = Debug|Any CPU
		{FDF162E2-7FDD-400D-80CD-D1F6E5AC38F4}.Debug|Any CPU.Build.0 = Debug|Any CPU
		{FDF162E2-7FDD-400D-80CD-D1F6E5AC38F4}.Release|Any CPU.ActiveCfg = Release|Any CPU
		{FDF162E2-7FDD-400D-80CD-D1F6E5AC38F4}.Release|Any CPU.Build.0 = Release|Any CPU
	EndGlobalSection
	GlobalSection(SolutionProperties) = preSolution
		HideSolutionNode = FALSE
	EndGlobalSection
	GlobalSection(ExtensibilityGlobals) = postSolution
		SolutionGuid = {386F61AF-5044-4A01-828B-F549EFAD625F}
	EndGlobalSection
EndGlobal
